
Microsoft Visual Studio Solution File, Format Version 12.00
# Visual Studio 2012
Project("{FAE04EC0-301F-11D3-BF4B-00C04F79EFBC}") = "WebTextToHtml", "WebTextToHtml\WebTextToHtml.csproj", "{2D557855-F0E1-442D-A3E0-79C954863718}"
EndProject
Project("{FAE04EC0-301F-11D3-BF4B-00C04F79EFBC}") = "Converter", "Converter\Converter.csproj", "{87CD873E-D49F-449B-8727-6AD5B07E2C82}"
EndProject
Project("{FAE04EC0-301F-11D3-BF4B-00C04F79EFBC}") = "TestsUsingConsole", "TestsUsingConsole\TestsUsingConsole.csproj", "{6354C56A-FBFF-4B06-A251-58019597725A}"
EndProject
Global
	GlobalSection(SolutionConfigurationPlatforms) = preSolution
		Debug|Any CPU = Debug|Any CPU
		Release|Any CPU = Release|Any CPU
	EndGlobalSection
	GlobalSection(ProjectConfigurationPlatforms) = postSolution
		{2D557855-F0E1-442D-A3E0-79C954863718}.Debug|Any CPU.ActiveCfg = Debug|Any CPU
		{2D557855-F0E1-442D-A3E0-79C954863718}.Debug|Any CPU.Build.0 = Debug|Any CPU
		{2D557855-F0E1-442D-A3E0-79C954863718}.Release|Any CPU.ActiveCfg = Release|Any CPU
		{2D557855-F0E1-442D-A3E0-79C954863718}.Release|Any CPU.Build.0 = Release|Any CPU
		{87CD873E-D49F-449B-8727-6AD5B07E2C82}.Debug|Any CPU.ActiveCfg = Debug|Any CPU
		{87CD873E-D49F-449B-8727-6AD5B07E2C82}.Debug|Any CPU.Build.0 = Debug|Any CPU
		{87CD873E-D49F-449B-8727-6AD5B07E2C82}.Release|Any CPU.ActiveCfg = Release|Any CPU
		{87CD873E-D49F-449B-8727-6AD5B07E2C82}.Release|Any CPU.Build.0 = Release|Any CPU
		{6354C56A-FBFF-4B06-A251-58019597725A}.Debug|Any CPU.ActiveCfg = Debug|Any CPU
		{6354C56A-FBFF-4B06-A251-58019597725A}.Debug|Any CPU.Build.0 = Debug|Any CPU
		{6354C56A-FBFF-4B06-A251-58019597725A}.Release|Any CPU.ActiveCfg = Release|Any CPU
		{6354C56A-FBFF-4B06-A251-58019597725A}.Release|Any CPU.Build.0 = Release|Any CPU
	EndGlobalSection
	GlobalSection(SolutionProperties) = preSolution
		HideSolutionNode = FALSE
	EndGlobalSection
EndGlobal
